
Microsoft Visual Studio Solution File, Format Version 12.00
# TcXaeShell Solution File, Format Version 11.00
VisualStudioVersion = 15.0.35826.109
MinimumVisualStudioVersion = 10.0.40219.1
Project("{B1E792BE-AA5F-4E3C-8C82-674BF9C0715B}") = "TT_WeldApp", "TT_WeldApp\TT_WeldApp.tsproj", "{4E0BC286-FBC3-41FA-8042-E21A9EADC4F3}"
EndProject
Global
	GlobalSection(SolutionConfigurationPlatforms) = preSolution
		Debug|TwinCAT CE7 (ARMV7) = Debug|TwinCAT CE7 (ARMV7)
		Debug|TwinCAT OS (ARMT2) = Debug|TwinCAT OS (ARMT2)
		Debug|TwinCAT RT (x64) = Debug|TwinCAT RT (x64)
		Debug|TwinCAT RT (x86) = Debug|TwinCAT RT (x86)
		Release|TwinCAT CE7 (ARMV7) = Release|TwinCAT CE7 (ARMV7)
		Release|TwinCAT OS (ARMT2) = Release|TwinCAT OS (ARMT2)
		Release|TwinCAT RT (x64) = Release|TwinCAT RT (x64)
		Release|TwinCAT RT (x86) = Release|TwinCAT RT (x86)
	EndGlobalSection
	GlobalSection(ProjectConfigurationPlatforms) = postSolution
		{4E0BC286-FBC3-41FA-8042-E21A9EADC4F3}.Debug|TwinCAT CE7 (ARMV7).ActiveCfg = Debug|TwinCAT CE7 (ARMV7)
		{4E0BC286-FBC3-41FA-8042-E21A9EADC4F3}.Debug|TwinCAT CE7 (ARMV7).Build.0 = Debug|TwinCAT CE7 (ARMV7)
		{4E0BC286-FBC3-41FA-8042-E21A9EADC4F3}.Debug|TwinCAT OS (ARMT2).ActiveCfg = Debug|TwinCAT OS (ARMT2)
		{4E0BC286-FBC3-41FA-8042-E21A9EADC4F3}.Debug|TwinCAT OS (ARMT2).Build.0 = Debug|TwinCAT OS (ARMT2)
		{4E0BC286-FBC3-41FA-8042-E21A9EADC4F3}.Debug|TwinCAT RT (x64).ActiveCfg = Debug|TwinCAT RT (x64)
		{4E0BC286-FBC3-41FA-8042-E21A9EADC4F3}.Debug|TwinCAT RT (x64).Build.0 = Debug|TwinCAT RT (x64)
		{4E0BC286-FBC3-41FA-8042-E21A9EADC4F3}.Debug|TwinCAT RT (x86).ActiveCfg = Debug|TwinCAT RT (x86)
		{4E0BC286-FBC3-41FA-8042-E21A9EADC4F3}.Debug|TwinCAT RT (x86).Build.0 = Debug|TwinCAT RT (x86)
		{4E0BC286-FBC3-41FA-8042-E21A9EADC4F3}.Release|TwinCAT CE7 (ARMV7).ActiveCfg = Release|TwinCAT CE7 (ARMV7)
		{4E0BC286-FBC3-41FA-8042-E21A9EADC4F3}.Release|TwinCAT CE7 (ARMV7).Build.0 = Release|TwinCAT CE7 (ARMV7)
		{4E0BC286-FBC3-41FA-8042-E21A9EADC4F3}.Release|TwinCAT OS (ARMT2).ActiveCfg = Release|TwinCAT OS (ARMT2)
		{4E0BC286-FBC3-41FA-8042-E21A9EADC4F3}.Release|TwinCAT OS (ARMT2).Build.0 = Release|TwinCAT OS (ARMT2)
		{4E0BC286-FBC3-41FA-8042-E21A9EADC4F3}.Release|TwinCAT RT (x64).ActiveCfg = Release|TwinCAT RT (x64)
		{4E0BC286-FBC3-41FA-8042-E21A9EADC4F3}.Release|TwinCAT RT (x64).Build.0 = Release|TwinCAT RT (x64)
		{4E0BC286-FBC3-41FA-8042-E21A9EADC4F3}.Release|TwinCAT RT (x86).ActiveCfg = Release|TwinCAT RT (x86)
		{4E0BC286-FBC3-41FA-8042-E21A9EADC4F3}.Release|TwinCAT RT (x86).Build.0 = Release|TwinCAT RT (x86)
		{358436AF-A9C0-4D05-AC5B-1BBAEDD0C7AF}.Debug|TwinCAT CE7 (ARMV7).ActiveCfg = Debug|TwinCAT CE7 (ARMV7)
		{358436AF-A9C0-4D05-AC5B-1BBAEDD0C7AF}.Debug|TwinCAT CE7 (ARMV7).Build.0 = Debug|TwinCAT CE7 (ARMV7)
		{358436AF-A9C0-4D05-AC5B-1BBAEDD0C7AF}.Debug|TwinCAT OS (ARMT2).ActiveCfg = Debug|TwinCAT OS (ARMT2)
		{358436AF-A9C0-4D05-AC5B-1BBAEDD0C7AF}.Debug|TwinCAT OS (ARMT2).Build.0 = Debug|TwinCAT OS (ARMT2)
		{358436AF-A9C0-4D05-AC5B-1BBAEDD0C7AF}.Debug|TwinCAT RT (x64).ActiveCfg = Debug|TwinCAT RT (x64)
		{358436AF-A9C0-4D05-AC5B-1BBAEDD0C7AF}.Debug|TwinCAT RT (x64).Build.0 = Debug|TwinCAT RT (x64)
		{358436AF-A9C0-4D05-AC5B-1BBAEDD0C7AF}.Debug|TwinCAT RT (x86).ActiveCfg = Debug|TwinCAT RT (x86)
		{358436AF-A9C0-4D05-AC5B-1BBAEDD0C7AF}.Debug|TwinCAT RT (x86).Build.0 = Debug|TwinCAT RT (x86)
		{358436AF-A9C0-4D05-AC5B-1BBAEDD0C7AF}.Release|TwinCAT CE7 (ARMV7).ActiveCfg = Release|TwinCAT CE7 (ARMV7)
		{358436AF-A9C0-4D05-AC5B-1BBAEDD0C7AF}.Release|TwinCAT CE7 (ARMV7).Build.0 = Release|TwinCAT CE7 (ARMV7)
		{358436AF-A9C0-4D05-AC5B-1BBAEDD0C7AF}.Release|TwinCAT OS (ARMT2).ActiveCfg = Release|TwinCAT OS (ARMT2)
		{358436AF-A9C0-4D05-AC5B-1BBAEDD0C7AF}.Release|TwinCAT OS (ARMT2).Build.0 = Release|TwinCAT OS (ARMT2)
		{358436AF-A9C0-4D05-AC5B-1BBAEDD0C7AF}.Release|TwinCAT RT (x64).ActiveCfg = Release|TwinCAT RT (x64)
		{358436AF-A9C0-4D05-AC5B-1BBAEDD0C7AF}.Release|TwinCAT RT (x64).Build.0 = Release|TwinCAT RT (x64)
		{358436AF-A9C0-4D05-AC5B-1BBAEDD0C7AF}.Release|TwinCAT RT (x86).ActiveCfg = Release|TwinCAT RT (x86)
		{358436AF-A9C0-4D05-AC5B-1BBAEDD0C7AF}.Release|TwinCAT RT (x86).Build.0 = Release|TwinCAT RT (x86)
	EndGlobalSection
	GlobalSection(SolutionProperties) = preSolution
		HideSolutionNode = FALSE
	EndGlobalSection
	GlobalSection(ExtensibilityGlobals) = postSolution
		SolutionGuid = {34AE09C1-A7EB-47BD-AC8C-F5AB9587ACCA}
	EndGlobalSection
EndGlobal
